// !$*UTF8*$!
{
	archiveVersion = 1;
	classes = {
	};
	objectVersion = 56;
	objects = {

/* Begin PBXBuildFile section */
		AC2C149C29C5B37A00FCFA15 /* CategoryCell.swift in Sources */ = {isa = PBXBuildFile; fileRef = AC2C149B29C5B37A00FCFA15 /* CategoryCell.swift */; };
		AC2C14A029C5E7B500FCFA15 /* AlertPresenter.swift in Sources */ = {isa = PBXBuildFile; fileRef = AC2C149F29C5E7B500FCFA15 /* AlertPresenter.swift */; };
		AC31DDF829E21DEE001FCF6F /* QuoteCell.swift in Sources */ = {isa = PBXBuildFile; fileRef = AC31DDF729E21DEE001FCF6F /* QuoteCell.swift */; };
		AC61BC6C298A8B7B003F8DC5 /* AppDelegate.swift in Sources */ = {isa = PBXBuildFile; fileRef = AC61BC6B298A8B7B003F8DC5 /* AppDelegate.swift */; };
		AC61BC6E298A8B7B003F8DC5 /* SceneDelegate.swift in Sources */ = {isa = PBXBuildFile; fileRef = AC61BC6D298A8B7B003F8DC5 /* SceneDelegate.swift */; };
		AC61BC70298A8B7B003F8DC5 /* CategoryViewController.swift in Sources */ = {isa = PBXBuildFile; fileRef = AC61BC6F298A8B7B003F8DC5 /* CategoryViewController.swift */; };
		AC61BC73298A8B7B003F8DC5 /* Main.storyboard in Resources */ = {isa = PBXBuildFile; fileRef = AC61BC71298A8B7B003F8DC5 /* Main.storyboard */; };
		AC61BC76298A8B7C003F8DC5 /* Quotes_App.xcdatamodeld in Sources */ = {isa = PBXBuildFile; fileRef = AC61BC74298A8B7B003F8DC5 /* Quotes_App.xcdatamodeld */; };
		AC61BC78298A8B7E003F8DC5 /* Assets.xcassets in Resources */ = {isa = PBXBuildFile; fileRef = AC61BC77298A8B7E003F8DC5 /* Assets.xcassets */; };
		AC61BC7B298A8B7E003F8DC5 /* LaunchScreen.storyboard in Resources */ = {isa = PBXBuildFile; fileRef = AC61BC79298A8B7E003F8DC5 /* LaunchScreen.storyboard */; };
		AC7B85D529F9CFD70099A9A5 /* NewQuoteViewController.swift in Sources */ = {isa = PBXBuildFile; fileRef = AC7B85D429F9CFD70099A9A5 /* NewQuoteViewController.swift */; };
		ACC7A79D29E0C5DA00D493FA /* QuoteViewController.swift in Sources */ = {isa = PBXBuildFile; fileRef = ACC7A79C29E0C5DA00D493FA /* QuoteViewController.swift */; };
/* End PBXBuildFile section */

/* Begin PBXFileReference section */
		AC2C149B29C5B37A00FCFA15 /* CategoryCell.swift */ = {isa = PBXFileReference; lastKnownFileType = sourcecode.swift; path = CategoryCell.swift; sourceTree = "<group>"; };
		AC2C149F29C5E7B500FCFA15 /* AlertPresenter.swift */ = {isa = PBXFileReference; lastKnownFileType = sourcecode.swift; path = AlertPresenter.swift; sourceTree = "<group>"; };
		AC31DDF729E21DEE001FCF6F /* QuoteCell.swift */ = {isa = PBXFileReference; lastKnownFileType = sourcecode.swift; path = QuoteCell.swift; sourceTree = "<group>"; };
		AC61BC68298A8B7B003F8DC5 /* Quotes.app */ = {isa = PBXFileReference; explicitFileType = wrapper.application; includeInIndex = 0; path = Quotes.app; sourceTree = BUILT_PRODUCTS_DIR; };
		AC61BC6B298A8B7B003F8DC5 /* AppDelegate.swift */ = {isa = PBXFileReference; lastKnownFileType = sourcecode.swift; path = AppDelegate.swift; sourceTree = "<group>"; };
		AC61BC6D298A8B7B003F8DC5 /* SceneDelegate.swift */ = {isa = PBXFileReference; lastKnownFileType = sourcecode.swift; path = SceneDelegate.swift; sourceTree = "<group>"; };
		AC61BC6F298A8B7B003F8DC5 /* CategoryViewController.swift */ = {isa = PBXFileReference; lastKnownFileType = sourcecode.swift; path = CategoryViewController.swift; sourceTree = "<group>"; };
		AC61BC72298A8B7B003F8DC5 /* Base */ = {isa = PBXFileReference; lastKnownFileType = file.storyboard; name = Base; path = Base.lproj/Main.storyboard; sourceTree = "<group>"; };
		AC61BC75298A8B7B003F8DC5 /* Quotes_App.xcdatamodel */ = {isa = PBXFileReference; lastKnownFileType = wrapper.xcdatamodel; path = Quotes_App.xcdatamodel; sourceTree = "<group>"; };
		AC61BC77298A8B7E003F8DC5 /* Assets.xcassets */ = {isa = PBXFileReference; lastKnownFileType = folder.assetcatalog; path = Assets.xcassets; sourceTree = "<group>"; };
		AC61BC7A298A8B7E003F8DC5 /* Base */ = {isa = PBXFileReference; lastKnownFileType = file.storyboard; name = Base; path = Base.lproj/LaunchScreen.storyboard; sourceTree = "<group>"; };
		AC61BC7C298A8B7E003F8DC5 /* Info.plist */ = {isa = PBXFileReference; lastKnownFileType = text.plist.xml; path = Info.plist; sourceTree = "<group>"; };
		AC7B85D429F9CFD70099A9A5 /* NewQuoteViewController.swift */ = {isa = PBXFileReference; lastKnownFileType = sourcecode.swift; path = NewQuoteViewController.swift; sourceTree = "<group>"; };
		ACC7A79C29E0C5DA00D493FA /* QuoteViewController.swift */ = {isa = PBXFileReference; lastKnownFileType = sourcecode.swift; path = QuoteViewController.swift; sourceTree = "<group>"; };
/* End PBXFileReference section */

/* Begin PBXFrameworksBuildPhase section */
		AC61BC65298A8B7B003F8DC5 /* Frameworks */ = {
			isa = PBXFrameworksBuildPhase;
			buildActionMask = 2147483647;
			files = (
			);
			runOnlyForDeploymentPostprocessing = 0;
		};
/* End PBXFrameworksBuildPhase section */

/* Begin PBXGroup section */
		AC61BC5F298A8B7B003F8DC5 = {
			isa = PBXGroup;
			children = (
				AC61BC6A298A8B7B003F8DC5 /* Quotes App */,
				AC61BC69298A8B7B003F8DC5 /* Products */,
			);
			sourceTree = "<group>";
		};
		AC61BC69298A8B7B003F8DC5 /* Products */ = {
			isa = PBXGroup;
			children = (
				AC61BC68298A8B7B003F8DC5 /* Quotes.app */,
			);
			name = Products;
			sourceTree = "<group>";
		};
		AC61BC6A298A8B7B003F8DC5 /* Quotes App */ = {
			isa = PBXGroup;
			children = (
				AC61BC6B298A8B7B003F8DC5 /* AppDelegate.swift */,
				AC61BC6D298A8B7B003F8DC5 /* SceneDelegate.swift */,
				ACC7A79529DF751200D493FA /* Helper */,
				ACC7A79329DF74B300D493FA /* Model */,
				ACC7A79429DF750000D493FA /* View */,
				ACC7A79229DF749C00D493FA /* ViewController */,
				AC61BC77298A8B7E003F8DC5 /* Assets.xcassets */,
				AC61BC79298A8B7E003F8DC5 /* LaunchScreen.storyboard */,
				AC61BC7C298A8B7E003F8DC5 /* Info.plist */,
				AC61BC74298A8B7B003F8DC5 /* Quotes_App.xcdatamodeld */,
			);
			path = "Quotes App";
			sourceTree = "<group>";
		};
		ACC7A79229DF749C00D493FA /* ViewController */ = {
			isa = PBXGroup;
			children = (
				AC61BC6F298A8B7B003F8DC5 /* CategoryViewController.swift */,
				ACC7A79C29E0C5DA00D493FA /* QuoteViewController.swift */,
				AC7B85D429F9CFD70099A9A5 /* NewQuoteViewController.swift */,
			);
			path = ViewController;
			sourceTree = "<group>";
		};
		ACC7A79329DF74B300D493FA /* Model */ = {
			isa = PBXGroup;
			children = (
				AC2C149B29C5B37A00FCFA15 /* CategoryCell.swift */,
				AC31DDF729E21DEE001FCF6F /* QuoteCell.swift */,
			);
			path = Model;
			sourceTree = "<group>";
		};
		ACC7A79429DF750000D493FA /* View */ = {
			isa = PBXGroup;
			children = (
				AC61BC71298A8B7B003F8DC5 /* Main.storyboard */,
			);
			path = View;
			sourceTree = "<group>";
		};
		ACC7A79529DF751200D493FA /* Helper */ = {
			isa = PBXGroup;
			children = (
				AC2C149F29C5E7B500FCFA15 /* AlertPresenter.swift */,
			);
			path = Helper;
			sourceTree = "<group>";
		};
/* End PBXGroup section */

/* Begin PBXNativeTarget section */
		AC61BC67298A8B7B003F8DC5 /* Quotes */ = {
			isa = PBXNativeTarget;
			buildConfigurationList = AC61BC7F298A8B7E003F8DC5 /* Build configuration list for PBXNativeTarget "Quotes" */;
			buildPhases = (
				AC61BC64298A8B7B003F8DC5 /* Sources */,
				AC61BC65298A8B7B003F8DC5 /* Frameworks */,
				AC61BC66298A8B7B003F8DC5 /* Resources */,
			);
			buildRules = (
			);
			dependencies = (
			);
			name = Quotes;
			productName = "Quotes App";
			productReference = AC61BC68298A8B7B003F8DC5 /* Quotes.app */;
			productType = "com.apple.product-type.application";
		};
/* End PBXNativeTarget section */

/* Begin PBXProject section */
		AC61BC60298A8B7B003F8DC5 /* Project object */ = {
			isa = PBXProject;
			attributes = {
				BuildIndependentTargetsInParallel = 1;
				LastSwiftUpdateCheck = 1400;
				LastUpgradeCheck = 1400;
				TargetAttributes = {
					AC61BC67298A8B7B003F8DC5 = {
						CreatedOnToolsVersion = 14.0;
					};
				};
			};
			buildConfigurationList = AC61BC63298A8B7B003F8DC5 /* Build configuration list for PBXProject "Quotes" */;
			compatibilityVersion = "Xcode 14.0";
			developmentRegion = en;
			hasScannedForEncodings = 0;
			knownRegions = (
				en,
				Base,
			);
			mainGroup = AC61BC5F298A8B7B003F8DC5;
			productRefGroup = AC61BC69298A8B7B003F8DC5 /* Products */;
			projectDirPath = "";
			projectRoot = "";
			targets = (
				AC61BC67298A8B7B003F8DC5 /* Quotes */,
			);
		};
/* End PBXProject section */

/* Begin PBXResourcesBuildPhase section */
		AC61BC66298A8B7B003F8DC5 /* Resources */ = {
			isa = PBXResourcesBuildPhase;
			buildActionMask = 2147483647;
			files = (
				AC61BC7B298A8B7E003F8DC5 /* LaunchScreen.storyboard in Resources */,
				AC61BC78298A8B7E003F8DC5 /* Assets.xcassets in Resources */,
				AC61BC73298A8B7B003F8DC5 /* Main.storyboard in Resources */,
			);
			runOnlyForDeploymentPostprocessing = 0;
		};
/* End PBXResourcesBuildPhase section */

/* Begin PBXSourcesBuildPhase section */
		AC61BC64298A8B7B003F8DC5 /* Sources */ = {
			isa = PBXSourcesBuildPhase;
			buildActionMask = 2147483647;
			files = (
				AC2C149C29C5B37A00FCFA15 /* CategoryCell.swift in Sources */,
				AC2C14A029C5E7B500FCFA15 /* AlertPresenter.swift in Sources */,
				AC61BC76298A8B7C003F8DC5 /* Quotes_App.xcdatamodeld in Sources */,
				AC61BC70298A8B7B003F8DC5 /* CategoryViewController.swift in Sources */,
				AC31DDF829E21DEE001FCF6F /* QuoteCell.swift in Sources */,
				AC7B85D529F9CFD70099A9A5 /* NewQuoteViewController.swift in Sources */,
				AC61BC6C298A8B7B003F8DC5 /* AppDelegate.swift in Sources */,
				AC61BC6E298A8B7B003F8DC5 /* SceneDelegate.swift in Sources */,
				ACC7A79D29E0C5DA00D493FA /* QuoteViewController.swift in Sources */,
			);
			runOnlyForDeploymentPostprocessing = 0;
		};
/* End PBXSourcesBuildPhase section */

/* Begin PBXVariantGroup section */
		AC61BC71298A8B7B003F8DC5 /* Main.storyboard */ = {
			isa = PBXVariantGroup;
			children = (
				AC61BC72298A8B7B003F8DC5 /* Base */,
			);
			name = Main.storyboard;
			sourceTree = "<group>";
		};
		AC61BC79298A8B7E003F8DC5 /* LaunchScreen.storyboard */ = {
			isa = PBXVariantGroup;
			children = (
				AC61BC7A298A8B7E003F8DC5 /* Base */,
			);
			name = LaunchScreen.storyboard;
			sourceTree = "<group>";
		};
/* End PBXVariantGroup section */

/* Begin XCBuildConfiguration section */
		AC61BC7D298A8B7E003F8DC5 /* Debug */ = {
			isa = XCBuildConfiguration;
			buildSettings = {
				ALWAYS_SEARCH_USER_PATHS = NO;
				CLANG_ANALYZER_NONNULL = YES;
				CLANG_ANALYZER_NUMBER_OBJECT_CONVERSION = YES_AGGRESSIVE;
				CLANG_CXX_LANGUAGE_STANDARD = "gnu++20";
				CLANG_ENABLE_MODULES = YES;
				CLANG_ENABLE_OBJC_ARC = YES;
				CLANG_ENABLE_OBJC_WEAK = YES;
				CLANG_WARN_BLOCK_CAPTURE_AUTORELEASING = YES;
				CLANG_WARN_BOOL_CONVERSION = YES;
				CLANG_WARN_COMMA = YES;
				CLANG_WARN_CONSTANT_CONVERSION = YES;
				CLANG_WARN_DEPRECATED_OBJC_IMPLEMENTATIONS = YES;
				CLANG_WARN_DIRECT_OBJC_ISA_USAGE = YES_ERROR;
				CLANG_WARN_DOCUMENTATION_COMMENTS = YES;
				CLANG_WARN_EMPTY_BODY = YES;
				CLANG_WARN_ENUM_CONVERSION = YES;
				CLANG_WARN_INFINITE_RECURSION = YES;
				CLANG_WARN_INT_CONVERSION = YES;
				CLANG_WARN_NON_LITERAL_NULL_CONVERSION = YES;
				CLANG_WARN_OBJC_IMPLICIT_RETAIN_SELF = YES;
				CLANG_WARN_OBJC_LITERAL_CONVERSION = YES;
				CLANG_WARN_OBJC_ROOT_CLASS = YES_ERROR;
				CLANG_WARN_QUOTED_INCLUDE_IN_FRAMEWORK_HEADER = YES;
				CLANG_WARN_RANGE_LOOP_ANALYSIS = YES;
				CLANG_WARN_STRICT_PROTOTYPES = YES;
				CLANG_WARN_SUSPICIOUS_MOVE = YES;
				CLANG_WARN_UNGUARDED_AVAILABILITY = YES_AGGRESSIVE;
				CLANG_WARN_UNREACHABLE_CODE = YES;
				CLANG_WARN__DUPLICATE_METHOD_MATCH = YES;
				COPY_PHASE_STRIP = NO;
				DEBUG_INFORMATION_FORMAT = dwarf;
				ENABLE_STRICT_OBJC_MSGSEND = YES;
				ENABLE_TESTABILITY = YES;
				GCC_C_LANGUAGE_STANDARD = gnu11;
				GCC_DYNAMIC_NO_PIC = NO;
				GCC_NO_COMMON_BLOCKS = YES;
				GCC_OPTIMIZATION_LEVEL = 0;
				GCC_PREPROCESSOR_DEFINITIONS = (
					"DEBUG=1",
					"$(inherited)",
				);
				GCC_WARN_64_TO_32_BIT_CONVERSION = YES;
				GCC_WARN_ABOUT_RETURN_TYPE = YES_ERROR;
				GCC_WARN_UNDECLARED_SELECTOR = YES;
				GCC_WARN_UNINITIALIZED_AUTOS = YES_AGGRESSIVE;
				GCC_WARN_UNUSED_FUNCTION = YES;
				GCC_WARN_UNUSED_VARIABLE = YES;
				IPHONEOS_DEPLOYMENT_TARGET = 16.0;
				MTL_ENABLE_DEBUG_INFO = INCLUDE_SOURCE;
				MTL_FAST_MATH = YES;
				ONLY_ACTIVE_ARCH = YES;
				SDKROOT = iphoneos;
				SWIFT_ACTIVE_COMPILATION_CONDITIONS = DEBUG;
				SWIFT_OPTIMIZATION_LEVEL = "-Onone";
			};
			name = Debug;
		};
		AC61BC7E298A8B7E003F8DC5 /* Release */ = {
			isa = XCBuildConfiguration;
			buildSettings = {
				ALWAYS_SEARCH_USER_PATHS = NO;
				CLANG_ANALYZER_NONNULL = YES;
				CLANG_ANALYZER_NUMBER_OBJECT_CONVERSION = YES_AGGRESSIVE;
				CLANG_CXX_LANGUAGE_STANDARD = "gnu++20";
				CLANG_ENABLE_MODULES = YES;
				CLANG_ENABLE_OBJC_ARC = YES;
				CLANG_ENABLE_OBJC_WEAK = YES;
				CLANG_WARN_BLOCK_CAPTURE_AUTORELEASING = YES;
				CLANG_WARN_BOOL_CONVERSION = YES;
				CLANG_WARN_COMMA = YES;
				CLANG_WARN_CONSTANT_CONVERSION = YES;
				CLANG_WARN_DEPRECATED_OBJC_IMPLEMENTATIONS = YES;
				CLANG_WARN_DIRECT_OBJC_ISA_USAGE = YES_ERROR;
				CLANG_WARN_DOCUMENTATION_COMMENTS = YES;
				CLANG_WARN_EMPTY_BODY = YES;
				CLANG_WARN_ENUM_CONVERSION = YES;
				CLANG_WARN_INFINITE_RECURSION = YES;
				CLANG_WARN_INT_CONVERSION = YES;
				CLANG_WARN_NON_LITERAL_NULL_CONVERSION = YES;
				CLANG_WARN_OBJC_IMPLICIT_RETAIN_SELF = YES;
				CLANG_WARN_OBJC_LITERAL_CONVERSION = YES;
				CLANG_WARN_OBJC_ROOT_CLASS = YES_ERROR;
				CLANG_WARN_QUOTED_INCLUDE_IN_FRAMEWORK_HEADER = YES;
				CLANG_WARN_RANGE_LOOP_ANALYSIS = YES;
				CLANG_WARN_STRICT_PROTOTYPES = YES;
				CLANG_WARN_SUSPICIOUS_MOVE = YES;
				CLANG_WARN_UNGUARDED_AVAILABILITY = YES_AGGRESSIVE;
				CLANG_WARN_UNREACHABLE_CODE = YES;
				CLANG_WARN__DUPLICATE_METHOD_MATCH = YES;
				COPY_PHASE_STRIP = NO;
				DEBUG_INFORMATION_FORMAT = "dwarf-with-dsym";
				ENABLE_NS_ASSERTIONS = NO;
				ENABLE_STRICT_OBJC_MSGSEND = YES;
				GCC_C_LANGUAGE_STANDARD = gnu11;
				GCC_NO_COMMON_BLOCKS = YES;
				GCC_WARN_64_TO_32_BIT_CONVERSION = YES;
				GCC_WARN_ABOUT_RETURN_TYPE = YES_ERROR;
				GCC_WARN_UNDECLARED_SELECTOR = YES;
				GCC_WARN_UNINITIALIZED_AUTOS = YES_AGGRESSIVE;
				GCC_WARN_UNUSED_FUNCTION = YES;
				GCC_WARN_UNUSED_VARIABLE = YES;
				IPHONEOS_DEPLOYMENT_TARGET = 16.0;
				MTL_ENABLE_DEBUG_INFO = NO;
				MTL_FAST_MATH = YES;
				SDKROOT = iphoneos;
				SWIFT_COMPILATION_MODE = wholemodule;
				SWIFT_OPTIMIZATION_LEVEL = "-O";
				VALIDATE_PRODUCT = YES;
			};
			name = Release;
		};
		AC61BC80298A8B7E003F8DC5 /* Debug */ = {
			isa = XCBuildConfiguration;
			buildSettings = {
				ASSETCATALOG_COMPILER_APPICON_NAME = AppIcon;
				ASSETCATALOG_COMPILER_GLOBAL_ACCENT_COLOR_NAME = AccentColor;
				CLANG_OPTIMIZATION_PROFILE_FILE = "$(SRCROOT)/OptimizationProfiles/$(PROJECT_NAME).profdata";
				CODE_SIGN_STYLE = Automatic;
				CURRENT_PROJECT_VERSION = 1;
				DEVELOPMENT_TEAM = A5L7L4YR6X;
				GENERATE_INFOPLIST_FILE = YES;
				INFOPLIST_FILE = "Quotes App/Info.plist";
				INFOPLIST_KEY_CFBundleDisplayName = Quotes;
				INFOPLIST_KEY_UIApplicationSupportsIndirectInputEvents = YES;
				INFOPLIST_KEY_UILaunchStoryboardName = LaunchScreen;
				INFOPLIST_KEY_UIMainStoryboardFile = Main;
				INFOPLIST_KEY_UISupportedInterfaceOrientations_iPad = "UIInterfaceOrientationPortrait UIInterfaceOrientationPortraitUpsideDown UIInterfaceOrientationLandscapeLeft UIInterfaceOrientationLandscapeRight";
				INFOPLIST_KEY_UISupportedInterfaceOrientations_iPhone = "UIInterfaceOrientationPortrait UIInterfaceOrientationLandscapeLeft UIInterfaceOrientationLandscapeRight";
				IPHONEOS_DEPLOYMENT_TARGET = 14.0;
				LD_RUNPATH_SEARCH_PATHS = (
					"$(inherited)",
					"@executable_path/Frameworks",
				);
				MARKETING_VERSION = 1.0;
				PRODUCT_BUNDLE_IDENTIFIER = com.gautham.eam360.Quotes;
				PRODUCT_NAME = "$(TARGET_NAME)";
				SWIFT_EMIT_LOC_STRINGS = YES;
				SWIFT_VERSION = 5.0;
				TARGETED_DEVICE_FAMILY = "1,2";
			};
			name = Debug;
		};
		AC61BC81298A8B7E003F8DC5 /* Release */ = {
			isa = XCBuildConfiguration;
			buildSettings = {
				ASSETCATALOG_COMPILER_APPICON_NAME = AppIcon;
				ASSETCATALOG_COMPILER_GLOBAL_ACCENT_COLOR_NAME = AccentColor;
				CLANG_OPTIMIZATION_PROFILE_FILE = "$(SRCROOT)/OptimizationProfiles/$(PROJECT_NAME).profdata";
				CODE_SIGN_STYLE = Automatic;
				CURRENT_PROJECT_VERSION = 1;
				DEVELOPMENT_TEAM = A5L7L4YR6X;
				GENERATE_INFOPLIST_FILE = YES;
				INFOPLIST_FILE = "Quotes App/Info.plist";
				INFOPLIST_KEY_CFBundleDisplayName = Quotes;
				INFOPLIST_KEY_UIApplicationSupportsIndirectInputEvents = YES;
				INFOPLIST_KEY_UILaunchStoryboardName = LaunchScreen;
				INFOPLIST_KEY_UIMainStoryboardFile = Main;
				INFOPLIST_KEY_UISupportedInterfaceOrientations_iPad = "UIInterfaceOrientationPortrait UIInterfaceOrientationPortraitUpsideDown UIInterfaceOrientationLandscapeLeft UIInterfaceOrientationLandscapeRight";
				INFOPLIST_KEY_UISupportedInterfaceOrientations_iPhone = "UIInterfaceOrientationPortrait UIInterfaceOrientationLandscapeLeft UIInterfaceOrientationLandscapeRight";
				IPHONEOS_DEPLOYMENT_TARGET = 14.0;
				LD_RUNPATH_SEARCH_PATHS = (
					"$(inherited)",
					"@executable_path/Frameworks",
				);
				MARKETING_VERSION = 1.0;
				PRODUCT_BUNDLE_IDENTIFIER = com.gautham.eam360.Quotes;
				PRODUCT_NAME = "$(TARGET_NAME)";
				SWIFT_EMIT_LOC_STRINGS = YES;
				SWIFT_VERSION = 5.0;
				TARGETED_DEVICE_FAMILY = "1,2";
			};
			name = Release;
		};
/* End XCBuildConfiguration section */

/* Begin XCConfigurationList section */
		AC61BC63298A8B7B003F8DC5 /* Build configuration list for PBXProject "Quotes" */ = {
			isa = XCConfigurationList;
			buildConfigurations = (
				AC61BC7D298A8B7E003F8DC5 /* Debug */,
				AC61BC7E298A8B7E003F8DC5 /* Release */,
			);
			defaultConfigurationIsVisible = 0;
			defaultConfigurationName = Release;
		};
		AC61BC7F298A8B7E003F8DC5 /* Build configuration list for PBXNativeTarget "Quotes" */ = {
			isa = XCConfigurationList;
			buildConfigurations = (
				AC61BC80298A8B7E003F8DC5 /* Debug */,
				AC61BC81298A8B7E003F8DC5 /* Release */,
			);
			defaultConfigurationIsVisible = 0;
			defaultConfigurationName = Release;
		};
/* End XCConfigurationList section */

/* Begin XCVersionGroup section */
		AC61BC74298A8B7B003F8DC5 /* Quotes_App.xcdatamodeld */ = {
			isa = XCVersionGroup;
			children = (
				AC61BC75298A8B7B003F8DC5 /* Quotes_App.xcdatamodel */,
			);
			currentVersion = AC61BC75298A8B7B003F8DC5 /* Quotes_App.xcdatamodel */;
			path = Quotes_App.xcdatamodeld;
			sourceTree = "<group>";
			versionGroupType = wrapper.xcdatamodel;
		};
/* End XCVersionGroup section */
	};
	rootObject = AC61BC60298A8B7B003F8DC5 /* Project object */;
}
